# THIS IS AN AUTOGENERATED FILE. DO NOT EDIT THIS FILE DIRECTLY.
# yarn lockfile v1


"@babel/code-frame@^7.26.2":
  version "7.27.1"
  resolved "https://registry.yarnpkg.com/@babel/code-frame/-/code-frame-7.27.1.tgz#200f715e66d52a23b221a9435534a91cc13ad5be"
  integrity sha512-cjQ7ZlQ0Mv3b47hABuTevyTuYN4i+loJKGeV9flcCgIK37cCXRh+L1bd3iBHlynerhQ7BhCkn2BPbQUL+rGqFg==
  dependencies:
    "@babel/helper-validator-identifier" "^7.27.1"
    js-tokens "^4.0.0"
    picocolors "^1.1.1"

"@babel/helper-validator-identifier@^7.27.1":
  version "7.27.1"
  resolved "https://registry.yarnpkg.com/@babel/helper-validator-identifier/-/helper-validator-identifier-7.27.1.tgz#a7054dcc145a967dd4dc8fee845a57c1316c9df8"
  integrity sha512-D2hP9eA+Sqx1kBZgzxZh0y1trbuU+JoDkiEwqhQ36nodYqJwyEIhPSdMNd7lOm/4io72luTPWH20Yda0xOuUow==

"@cloudflare/kv-asset-handler@0.4.0":
  version "0.4.0"
  resolved "https://registry.yarnpkg.com/@cloudflare/kv-asset-handler/-/kv-asset-handler-0.4.0.tgz#a8588c6a2e89bb3e87fb449295a901c9f6d3e1bf"
  integrity sha512-+tv3z+SPp+gqTIcImN9o0hqE9xyfQjI1XD9pL6NuKjua9B1y7mNYv0S9cP+QEbA4ppVgGZEmKOvHX5G5Ei1CVA==
  dependencies:
    mime "^3.0.0"

"@cloudflare/unenv-preset@2.6.0":
  version "2.6.0"
  resolved "https://registry.yarnpkg.com/@cloudflare/unenv-preset/-/unenv-preset-2.6.0.tgz#c035ca2d33569b63f596ebae4a8a3ce5228cc0f1"
  integrity sha512-h7Txw0WbDuUbrvZwky6+x7ft+U/Gppfn/rWx6IdR+e9gjygozRJnV26Y2TOr3yrIFa6OsZqqR2lN+jWTrakHXg==

"@cloudflare/workerd-darwin-64@1.20250803.0":
  version "1.20250803.0"
  resolved "https://registry.yarnpkg.com/@cloudflare/workerd-darwin-64/-/workerd-darwin-64-1.20250803.0.tgz#16a5c0da697c74ce9b93df01c139337eca53ea1e"
  integrity sha512-6QciMnJp1p3F1qUiN0LaLfmw7SuZA/gfUBOe8Ft81pw16JYZ3CyiqIKPJvc1SV8jgDx8r+gz/PRi1NwOMt329A==

"@cloudflare/workerd-darwin-arm64@1.20250803.0":
  version "1.20250803.0"
  resolved "https://registry.yarnpkg.com/@cloudflare/workerd-darwin-arm64/-/workerd-darwin-arm64-1.20250803.0.tgz#ee79221e27721a1372d6839bb1249ecd0490ac1c"
  integrity sha512-DoIgghDowtqoNhL6OoN/F92SKtrk7mRQKc4YSs/Dst8IwFZq+pCShOlWfB0MXqHKPSoiz5xLSrUKR9H6gQMPvw==

"@cloudflare/workerd-linux-64@1.20250803.0":
  version "1.20250803.0"
  resolved "https://registry.yarnpkg.com/@cloudflare/workerd-linux-64/-/workerd-linux-64-1.20250803.0.tgz#15f844a5fa9bbe07ff636305aacb273789b18882"
  integrity sha512-mYdz4vNWX3+PoqRjssepVQqgh42IBiSrl+wb7vbh7VVWUVzBnQKtW3G+UFiBF62hohCLexGIEi7L0cFfRlcKSQ==

"@cloudflare/workerd-linux-arm64@1.20250803.0":
  version "1.20250803.0"
  resolved "https://registry.yarnpkg.com/@cloudflare/workerd-linux-arm64/-/workerd-linux-arm64-1.20250803.0.tgz#58c8c16e8443ae470be52fcfc531f7cf077756e2"
  integrity sha512-RmrtUYLRUg6djKU7Z6yebS6YGJVnaDVY6bbXca+2s26vw4ibJDOTPLuBHFQF62Grw3fAfsNbjQh5i14vG2mqUg==

"@cloudflare/workerd-windows-64@1.20250803.0":
  version "1.20250803.0"
  resolved "https://registry.yarnpkg.com/@cloudflare/workerd-windows-64/-/workerd-windows-64-1.20250803.0.tgz#39dc0c64a4a4820da570bf1d8cf4b06d54d2cfd6"
  integrity sha512-uLV8gdudz36o9sUaAKbBxxTwZwLFz1KyW7QpBvOo4+r3Ib8yVKXGiySIMWGD7A0urSMrjf3e5LlLcJKgZUOjMA==

"@cloudflare/workers-types@4.20250214.0":
  version "4.20250214.0"
  resolved "https://registry.yarnpkg.com/@cloudflare/workers-types/-/workers-types-4.20250214.0.tgz#f9a8109cdba9425e2a934d6a0870eca2769a5b6f"
  integrity sha512-+M8oOFVbyXT5GeJrYLWMUGyPf5wGB4+k59PPqdedtOig7NjZ5r4S79wMdaZ/EV5IV8JPtZBSNjTKpDnNmfxjaQ==

"@cspotcode/source-map-support@0.8.1":
  version "0.8.1"
  resolved "https://registry.yarnpkg.com/@cspotcode/source-map-support/-/source-map-support-0.8.1.tgz#00629c35a688e05a88b1cda684fb9d5e73f000a1"
  integrity sha512-IchNf6dN4tHoMFIn/7OE8LWZ19Y6q/67Bmf6vnGREv8RSbBVb9LPJxEcnwrcwX6ixSvaiGoomAUvu4YSxXrVgw==
  dependencies:
    "@jridgewell/trace-mapping" "0.3.9"

"@emnapi/runtime@^1.2.0":
  version "1.4.5"
  resolved "https://registry.yarnpkg.com/@emnapi/runtime/-/runtime-1.4.5.tgz#c67710d0661070f38418b6474584f159de38aba9"
  integrity sha512-++LApOtY0pEEz1zrd9vy1/zXVaVJJ/EbAF3u0fXIzPJEDtnITsBGbbK0EkM72amhl/R5b+5xx0Y/QhcVOpuulg==
  dependencies:
    tslib "^2.4.0"

"@esbuild/aix-ppc64@0.25.4":
  version "0.25.4"
  resolved "https://registry.yarnpkg.com/@esbuild/aix-ppc64/-/aix-ppc64-0.25.4.tgz#830d6476cbbca0c005136af07303646b419f1162"
  integrity sha512-1VCICWypeQKhVbE9oW/sJaAmjLxhVqacdkvPLEjwlttjfwENRSClS8EjBz0KzRyFSCPDIkuXW34Je/vk7zdB7Q==

"@esbuild/android-arm64@0.25.4":
  version "0.25.4"
  resolved "https://registry.yarnpkg.com/@esbuild/android-arm64/-/android-arm64-0.25.4.tgz#d11d4fc299224e729e2190cacadbcc00e7a9fd67"
  integrity sha512-bBy69pgfhMGtCnwpC/x5QhfxAz/cBgQ9enbtwjf6V9lnPI/hMyT9iWpR1arm0l3kttTr4L0KSLpKmLp/ilKS9A==

"@esbuild/android-arm@0.25.4":
  version "0.25.4"
  resolved "https://registry.yarnpkg.com/@esbuild/android-arm/-/android-arm-0.25.4.tgz#5660bd25080553dd2a28438f2a401a29959bd9b1"
  integrity sha512-QNdQEps7DfFwE3hXiU4BZeOV68HHzYwGd0Nthhd3uCkkEKK7/R6MTgM0P7H7FAs5pU/DIWsviMmEGxEoxIZ+ZQ==

"@esbuild/android-x64@0.25.4":
  version "0.25.4"
  resolved "https://registry.yarnpkg.com/@esbuild/android-x64/-/android-x64-0.25.4.tgz#18ddde705bf984e8cd9efec54e199ac18bc7bee1"
  integrity sha512-TVhdVtQIFuVpIIR282btcGC2oGQoSfZfmBdTip2anCaVYcqWlZXGcdcKIUklfX2wj0JklNYgz39OBqh2cqXvcQ==

"@esbuild/darwin-arm64@0.25.4":
  version "0.25.4"
  resolved "https://registry.yarnpkg.com/@esbuild/darwin-arm64/-/darwin-arm64-0.25.4.tgz#b0b7fb55db8fc6f5de5a0207ae986eb9c4766e67"
  integrity sha512-Y1giCfM4nlHDWEfSckMzeWNdQS31BQGs9/rouw6Ub91tkK79aIMTH3q9xHvzH8d0wDru5Ci0kWB8b3up/nl16g==

"@esbuild/darwin-x64@0.25.4":
  version "0.25.4"
  resolved "https://registry.yarnpkg.com/@esbuild/darwin-x64/-/darwin-x64-0.25.4.tgz#e6813fdeba0bba356cb350a4b80543fbe66bf26f"
  integrity sha512-CJsry8ZGM5VFVeyUYB3cdKpd/H69PYez4eJh1W/t38vzutdjEjtP7hB6eLKBoOdxcAlCtEYHzQ/PJ/oU9I4u0A==

"@esbuild/freebsd-arm64@0.25.4":
  version "0.25.4"
  resolved "https://registry.yarnpkg.com/@esbuild/freebsd-arm64/-/freebsd-arm64-0.25.4.tgz#dc11a73d3ccdc308567b908b43c6698e850759be"
  integrity sha512-yYq+39NlTRzU2XmoPW4l5Ifpl9fqSk0nAJYM/V/WUGPEFfek1epLHJIkTQM6bBs1swApjO5nWgvr843g6TjxuQ==

"@esbuild/freebsd-x64@0.25.4":
  version "0.25.4"
  resolved "https://registry.yarnpkg.com/@esbuild/freebsd-x64/-/freebsd-x64-0.25.4.tgz#91da08db8bd1bff5f31924c57a81dab26e93a143"
  integrity sha512-0FgvOJ6UUMflsHSPLzdfDnnBBVoCDtBTVyn/MrWloUNvq/5SFmh13l3dvgRPkDihRxb77Y17MbqbCAa2strMQQ==

"@esbuild/linux-arm64@0.25.4":
  version "0.25.4"
  resolved "https://registry.yarnpkg.com/@esbuild/linux-arm64/-/linux-arm64-0.25.4.tgz#efc15e45c945a082708f9a9f73bfa8d4db49728a"
  integrity sha512-+89UsQTfXdmjIvZS6nUnOOLoXnkUTB9hR5QAeLrQdzOSWZvNSAXAtcRDHWtqAUtAmv7ZM1WPOOeSxDzzzMogiQ==

"@esbuild/linux-arm@0.25.4":
  version "0.25.4"
  resolved "https://registry.yarnpkg.com/@esbuild/linux-arm/-/linux-arm-0.25.4.tgz#9b93c3e54ac49a2ede6f906e705d5d906f6db9e8"
  integrity sha512-kro4c0P85GMfFYqW4TWOpvmF8rFShbWGnrLqlzp4X1TNWjRY3JMYUfDCtOxPKOIY8B0WC8HN51hGP4I4hz4AaQ==

"@esbuild/linux-ia32@0.25.4":
  version "0.25.4"
  resolved "https://registry.yarnpkg.com/@esbuild/linux-ia32/-/linux-ia32-0.25.4.tgz#be8ef2c3e1d99fca2d25c416b297d00360623596"
  integrity sha512-yTEjoapy8UP3rv8dB0ip3AfMpRbyhSN3+hY8mo/i4QXFeDxmiYbEKp3ZRjBKcOP862Ua4b1PDfwlvbuwY7hIGQ==

"@esbuild/linux-loong64@0.25.4":
  version "0.25.4"
  resolved "https://registry.yarnpkg.com/@esbuild/linux-loong64/-/linux-loong64-0.25.4.tgz#b0840a2707c3fc02eec288d3f9defa3827cd7a87"
  integrity sha512-NeqqYkrcGzFwi6CGRGNMOjWGGSYOpqwCjS9fvaUlX5s3zwOtn1qwg1s2iE2svBe4Q/YOG1q6875lcAoQK/F4VA==

"@esbuild/linux-mips64el@0.25.4":
  version "0.25.4"
  resolved "https://registry.yarnpkg.com/@esbuild/linux-mips64el/-/linux-mips64el-0.25.4.tgz#2a198e5a458c9f0e75881a4e63d26ba0cf9df39f"
  integrity sha512-IcvTlF9dtLrfL/M8WgNI/qJYBENP3ekgsHbYUIzEzq5XJzzVEV/fXY9WFPfEEXmu3ck2qJP8LG/p3Q8f7Zc2Xg==

"@esbuild/linux-ppc64@0.25.4":
  version "0.25.4"
  resolved "https://registry.yarnpkg.com/@esbuild/linux-ppc64/-/linux-ppc64-0.25.4.tgz#64f4ae0b923d7dd72fb860b9b22edb42007cf8f5"
  integrity sha512-HOy0aLTJTVtoTeGZh4HSXaO6M95qu4k5lJcH4gxv56iaycfz1S8GO/5Jh6X4Y1YiI0h7cRyLi+HixMR+88swag==

"@esbuild/linux-riscv64@0.25.4":
  version "0.25.4"
  resolved "https://registry.yarnpkg.com/@esbuild/linux-riscv64/-/linux-riscv64-0.25.4.tgz#fb2844b11fdddd39e29d291c7cf80f99b0d5158d"
  integrity sha512-i8JUDAufpz9jOzo4yIShCTcXzS07vEgWzyX3NH2G7LEFVgrLEhjwL3ajFE4fZI3I4ZgiM7JH3GQ7ReObROvSUA==

"@esbuild/linux-s390x@0.25.4":
  version "0.25.4"
  resolved "https://registry.yarnpkg.com/@esbuild/linux-s390x/-/linux-s390x-0.25.4.tgz#1466876e0aa3560c7673e63fdebc8278707bc750"
  integrity sha512-jFnu+6UbLlzIjPQpWCNh5QtrcNfMLjgIavnwPQAfoGx4q17ocOU9MsQ2QVvFxwQoWpZT8DvTLooTvmOQXkO51g==

"@esbuild/linux-x64@0.25.4":
  version "0.25.4"
  resolved "https://registry.yarnpkg.com/@esbuild/linux-x64/-/linux-x64-0.25.4.tgz#c10fde899455db7cba5f11b3bccfa0e41bf4d0cd"
  integrity sha512-6e0cvXwzOnVWJHq+mskP8DNSrKBr1bULBvnFLpc1KY+d+irZSgZ02TGse5FsafKS5jg2e4pbvK6TPXaF/A6+CA==

"@esbuild/netbsd-arm64@0.25.4":
  version "0.25.4"
  resolved "https://registry.yarnpkg.com/@esbuild/netbsd-arm64/-/netbsd-arm64-0.25.4.tgz#02e483fbcbe3f18f0b02612a941b77be76c111a4"
  integrity sha512-vUnkBYxZW4hL/ie91hSqaSNjulOnYXE1VSLusnvHg2u3jewJBz3YzB9+oCw8DABeVqZGg94t9tyZFoHma8gWZQ==

"@esbuild/netbsd-x64@0.25.4":
  version "0.25.4"
  resolved "https://registry.yarnpkg.com/@esbuild/netbsd-x64/-/netbsd-x64-0.25.4.tgz#ec401fb0b1ed0ac01d978564c5fc8634ed1dc2ed"
  integrity sha512-XAg8pIQn5CzhOB8odIcAm42QsOfa98SBeKUdo4xa8OvX8LbMZqEtgeWE9P/Wxt7MlG2QqvjGths+nq48TrUiKw==

"@esbuild/openbsd-arm64@0.25.4":
  version "0.25.4"
  resolved "https://registry.yarnpkg.com/@esbuild/openbsd-arm64/-/openbsd-arm64-0.25.4.tgz#f272c2f41cfea1d91b93d487a51b5c5ca7a8c8c4"
  integrity sha512-Ct2WcFEANlFDtp1nVAXSNBPDxyU+j7+tId//iHXU2f/lN5AmO4zLyhDcpR5Cz1r08mVxzt3Jpyt4PmXQ1O6+7A==

"@esbuild/openbsd-x64@0.25.4":
  version "0.25.4"
  resolved "https://registry.yarnpkg.com/@esbuild/openbsd-x64/-/openbsd-x64-0.25.4.tgz#2e25950bc10fa9db1e5c868e3d50c44f7c150fd7"
  integrity sha512-xAGGhyOQ9Otm1Xu8NT1ifGLnA6M3sJxZ6ixylb+vIUVzvvd6GOALpwQrYrtlPouMqd/vSbgehz6HaVk4+7Afhw==

"@esbuild/sunos-x64@0.25.4":
  version "0.25.4"
  resolved "https://registry.yarnpkg.com/@esbuild/sunos-x64/-/sunos-x64-0.25.4.tgz#cd596fa65a67b3b7adc5ecd52d9f5733832e1abd"
  integrity sha512-Mw+tzy4pp6wZEK0+Lwr76pWLjrtjmJyUB23tHKqEDP74R3q95luY/bXqXZeYl4NYlvwOqoRKlInQialgCKy67Q==

"@esbuild/win32-arm64@0.25.4":
  version "0.25.4"
  resolved "https://registry.yarnpkg.com/@esbuild/win32-arm64/-/win32-arm64-0.25.4.tgz#b4dbcb57b21eeaf8331e424c3999b89d8951dc88"
  integrity sha512-AVUP428VQTSddguz9dO9ngb+E5aScyg7nOeJDrF1HPYu555gmza3bDGMPhmVXL8svDSoqPCsCPjb265yG/kLKQ==

"@esbuild/win32-ia32@0.25.4":
  version "0.25.4"
  resolved "https://registry.yarnpkg.com/@esbuild/win32-ia32/-/win32-ia32-0.25.4.tgz#410842e5d66d4ece1757634e297a87635eb82f7a"
  integrity sha512-i1sW+1i+oWvQzSgfRcxxG2k4I9n3O9NRqy8U+uugaT2Dy7kLO9Y7wI72haOahxceMX8hZAzgGou1FhndRldxRg==

"@esbuild/win32-x64@0.25.4":
  version "0.25.4"
  resolved "https://registry.yarnpkg.com/@esbuild/win32-x64/-/win32-x64-0.25.4.tgz#0b17ec8a70b2385827d52314c1253160a0b9bacc"
  integrity sha512-nOT2vZNw6hJ+z43oP1SPea/G/6AbN6X+bGNhNuq8NtRHy4wsMhw765IKLNmnjek7GvjWBYQ8Q5VBoYTFg9y1UQ==

"@img/sharp-darwin-arm64@0.33.5":
  version "0.33.5"
  resolved "https://registry.yarnpkg.com/@img/sharp-darwin-arm64/-/sharp-darwin-arm64-0.33.5.tgz#ef5b5a07862805f1e8145a377c8ba6e98813ca08"
  integrity sha512-UT4p+iz/2H4twwAoLCqfA9UH5pI6DggwKEGuaPy7nCVQ8ZsiY5PIcrRvD1DzuY3qYL07NtIQcWnBSY/heikIFQ==
  optionalDependencies:
    "@img/sharp-libvips-darwin-arm64" "1.0.4"

"@img/sharp-darwin-x64@0.33.5":
  version "0.33.5"
  resolved "https://registry.yarnpkg.com/@img/sharp-darwin-x64/-/sharp-darwin-x64-0.33.5.tgz#e03d3451cd9e664faa72948cc70a403ea4063d61"
  integrity sha512-fyHac4jIc1ANYGRDxtiqelIbdWkIuQaI84Mv45KvGRRxSAa7o7d1ZKAOBaYbnepLC1WqxfpimdeWfvqqSGwR2Q==
  optionalDependencies:
    "@img/sharp-libvips-darwin-x64" "1.0.4"

"@img/sharp-libvips-darwin-arm64@1.0.4":
  version "1.0.4"
  resolved "https://registry.yarnpkg.com/@img/sharp-libvips-darwin-arm64/-/sharp-libvips-darwin-arm64-1.0.4.tgz#447c5026700c01a993c7804eb8af5f6e9868c07f"
  integrity sha512-XblONe153h0O2zuFfTAbQYAX2JhYmDHeWikp1LM9Hul9gVPjFY427k6dFEcOL72O01QxQsWi761svJ/ev9xEDg==

"@img/sharp-libvips-darwin-x64@1.0.4":
  version "1.0.4"
  resolved "https://registry.yarnpkg.com/@img/sharp-libvips-darwin-x64/-/sharp-libvips-darwin-x64-1.0.4.tgz#e0456f8f7c623f9dbfbdc77383caa72281d86062"
  integrity sha512-xnGR8YuZYfJGmWPvmlunFaWJsb9T/AO2ykoP3Fz/0X5XV2aoYBPkX6xqCQvUTKKiLddarLaxpzNe+b1hjeWHAQ==

"@img/sharp-libvips-linux-arm64@1.0.4":
  version "1.0.4"
  resolved "https://registry.yarnpkg.com/@img/sharp-libvips-linux-arm64/-/sharp-libvips-linux-arm64-1.0.4.tgz#979b1c66c9a91f7ff2893556ef267f90ebe51704"
  integrity sha512-9B+taZ8DlyyqzZQnoeIvDVR/2F4EbMepXMc/NdVbkzsJbzkUjhXv/70GQJ7tdLA4YJgNP25zukcxpX2/SueNrA==

"@img/sharp-libvips-linux-arm@1.0.5":
  version "1.0.5"
  resolved "https://registry.yarnpkg.com/@img/sharp-libvips-linux-arm/-/sharp-libvips-linux-arm-1.0.5.tgz#99f922d4e15216ec205dcb6891b721bfd2884197"
  integrity sha512-gvcC4ACAOPRNATg/ov8/MnbxFDJqf/pDePbBnuBDcjsI8PssmjoKMAz4LtLaVi+OnSb5FK/yIOamqDwGmXW32g==

"@img/sharp-libvips-linux-s390x@1.0.4":
  version "1.0.4"
  resolved "https://registry.yarnpkg.com/@img/sharp-libvips-linux-s390x/-/sharp-libvips-linux-s390x-1.0.4.tgz#f8a5eb1f374a082f72b3f45e2fb25b8118a8a5ce"
  integrity sha512-u7Wz6ntiSSgGSGcjZ55im6uvTrOxSIS8/dgoVMoiGE9I6JAfU50yH5BoDlYA1tcuGS7g/QNtetJnxA6QEsCVTA==

"@img/sharp-libvips-linux-x64@1.0.4":
  version "1.0.4"
  resolved "https://registry.yarnpkg.com/@img/sharp-libvips-linux-x64/-/sharp-libvips-linux-x64-1.0.4.tgz#d4c4619cdd157774906e15770ee119931c7ef5e0"
  integrity sha512-MmWmQ3iPFZr0Iev+BAgVMb3ZyC4KeFc3jFxnNbEPas60e1cIfevbtuyf9nDGIzOaW9PdnDciJm+wFFaTlj5xYw==

"@img/sharp-libvips-linuxmusl-arm64@1.0.4":
  version "1.0.4"
  resolved "https://registry.yarnpkg.com/@img/sharp-libvips-linuxmusl-arm64/-/sharp-libvips-linuxmusl-arm64-1.0.4.tgz#166778da0f48dd2bded1fa3033cee6b588f0d5d5"
  integrity sha512-9Ti+BbTYDcsbp4wfYib8Ctm1ilkugkA/uscUn6UXK1ldpC1JjiXbLfFZtRlBhjPZ5o1NCLiDbg8fhUPKStHoTA==

"@img/sharp-libvips-linuxmusl-x64@1.0.4":
  version "1.0.4"
  resolved "https://registry.yarnpkg.com/@img/sharp-libvips-linuxmusl-x64/-/sharp-libvips-linuxmusl-x64-1.0.4.tgz#93794e4d7720b077fcad3e02982f2f1c246751ff"
  integrity sha512-viYN1KX9m+/hGkJtvYYp+CCLgnJXwiQB39damAO7WMdKWlIhmYTfHjwSbQeUK/20vY154mwezd9HflVFM1wVSw==

"@img/sharp-linux-arm64@0.33.5":
  version "0.33.5"
  resolved "https://registry.yarnpkg.com/@img/sharp-linux-arm64/-/sharp-linux-arm64-0.33.5.tgz#edb0697e7a8279c9fc829a60fc35644c4839bb22"
  integrity sha512-JMVv+AMRyGOHtO1RFBiJy/MBsgz0x4AWrT6QoEVVTyh1E39TrCUpTRI7mx9VksGX4awWASxqCYLCV4wBZHAYxA==
  optionalDependencies:
    "@img/sharp-libvips-linux-arm64" "1.0.4"

"@img/sharp-linux-arm@0.33.5":
  version "0.33.5"
  resolved "https://registry.yarnpkg.com/@img/sharp-linux-arm/-/sharp-linux-arm-0.33.5.tgz#422c1a352e7b5832842577dc51602bcd5b6f5eff"
  integrity sha512-JTS1eldqZbJxjvKaAkxhZmBqPRGmxgu+qFKSInv8moZ2AmT5Yib3EQ1c6gp493HvrvV8QgdOXdyaIBrhvFhBMQ==
  optionalDependencies:
    "@img/sharp-libvips-linux-arm" "1.0.5"

"@img/sharp-linux-s390x@0.33.5":
  version "0.33.5"
  resolved "https://registry.yarnpkg.com/@img/sharp-linux-s390x/-/sharp-linux-s390x-0.33.5.tgz#f5c077926b48e97e4a04d004dfaf175972059667"
  integrity sha512-y/5PCd+mP4CA/sPDKl2961b+C9d+vPAveS33s6Z3zfASk2j5upL6fXVPZi7ztePZ5CuH+1kW8JtvxgbuXHRa4Q==
  optionalDependencies:
    "@img/sharp-libvips-linux-s390x" "1.0.4"

"@img/sharp-linux-x64@0.33.5":
  version "0.33.5"
  resolved "https://registry.yarnpkg.com/@img/sharp-linux-x64/-/sharp-linux-x64-0.33.5.tgz#d806e0afd71ae6775cc87f0da8f2d03a7c2209cb"
  integrity sha512-opC+Ok5pRNAzuvq1AG0ar+1owsu842/Ab+4qvU879ippJBHvyY5n2mxF1izXqkPYlGuP/M556uh53jRLJmzTWA==
  optionalDependencies:
    "@img/sharp-libvips-linux-x64" "1.0.4"

"@img/sharp-linuxmusl-arm64@0.33.5":
  version "0.33.5"
  resolved "https://registry.yarnpkg.com/@img/sharp-linuxmusl-arm64/-/sharp-linuxmusl-arm64-0.33.5.tgz#252975b915894fb315af5deea174651e208d3d6b"
  integrity sha512-XrHMZwGQGvJg2V/oRSUfSAfjfPxO+4DkiRh6p2AFjLQztWUuY/o8Mq0eMQVIY7HJ1CDQUJlxGGZRw1a5bqmd1g==
  optionalDependencies:
    "@img/sharp-libvips-linuxmusl-arm64" "1.0.4"

"@img/sharp-linuxmusl-x64@0.33.5":
  version "0.33.5"
  resolved "https://registry.yarnpkg.com/@img/sharp-linuxmusl-x64/-/sharp-linuxmusl-x64-0.33.5.tgz#3f4609ac5d8ef8ec7dadee80b560961a60fd4f48"
  integrity sha512-WT+d/cgqKkkKySYmqoZ8y3pxx7lx9vVejxW/W4DOFMYVSkErR+w7mf2u8m/y4+xHe7yY9DAXQMWQhpnMuFfScw==
  optionalDependencies:
    "@img/sharp-libvips-linuxmusl-x64" "1.0.4"

"@img/sharp-wasm32@0.33.5":
  version "0.33.5"
  resolved "https://registry.yarnpkg.com/@img/sharp-wasm32/-/sharp-wasm32-0.33.5.tgz#6f44f3283069d935bb5ca5813153572f3e6f61a1"
  integrity sha512-ykUW4LVGaMcU9lu9thv85CbRMAwfeadCJHRsg2GmeRa/cJxsVY9Rbd57JcMxBkKHag5U/x7TSBpScF4U8ElVzg==
  dependencies:
    "@emnapi/runtime" "^1.2.0"

"@img/sharp-win32-ia32@0.33.5":
  version "0.33.5"
  resolved "https://registry.yarnpkg.com/@img/sharp-win32-ia32/-/sharp-win32-ia32-0.33.5.tgz#1a0c839a40c5351e9885628c85f2e5dfd02b52a9"
  integrity sha512-T36PblLaTwuVJ/zw/LaH0PdZkRz5rd3SmMHX8GSmR7vtNSP5Z6bQkExdSK7xGWyxLw4sUknBuugTelgw2faBbQ==

"@img/sharp-win32-x64@0.33.5":
  version "0.33.5"
  resolved "https://registry.yarnpkg.com/@img/sharp-win32-x64/-/sharp-win32-x64-0.33.5.tgz#56f00962ff0c4e0eb93d34a047d29fa995e3e342"
  integrity sha512-MpY/o8/8kj+EcnxwvrP4aTJSWw/aZ7JIGR4aBeZkZw5B7/Jn+tY9/VNwtcoGmdT7GfggGIU4kygOMSbYnOrAbg==

"@jridgewell/resolve-uri@^3.0.3":
  version "3.1.2"
  resolved "https://registry.yarnpkg.com/@jridgewell/resolve-uri/-/resolve-uri-3.1.2.tgz#7a0ee601f60f99a20c7c7c5ff0c80388c1189bd6"
  integrity sha512-bRISgCIjP20/tbWSPWMEi54QVPRZExkuD9lJL+UIxUKtwVJA8wW1Trb1jMs1RFXo1CBTNZ/5hpC9QvmKWdopKw==

"@jridgewell/sourcemap-codec@^1.4.10":
  version "1.5.4"
  resolved "https://registry.yarnpkg.com/@jridgewell/sourcemap-codec/-/sourcemap-codec-1.5.4.tgz#7358043433b2e5da569aa02cbc4c121da3af27d7"
  integrity sha512-VT2+G1VQs/9oz078bLrYbecdZKs912zQlkelYpuf+SXF+QvZDYJlbx/LSx+meSAwdDFnF8FVXW92AVjjkVmgFw==

"@jridgewell/trace-mapping@0.3.9":
  version "0.3.9"
  resolved "https://registry.yarnpkg.com/@jridgewell/trace-mapping/-/trace-mapping-0.3.9.tgz#6534fd5933a53ba7cbf3a17615e273a0d1273ff9"
  integrity sha512-3Belt6tdc8bPgAtbcmdtNJlirVoTmEb5e2gC94PnkwEW9jI6CAHUeoG85tjWP5WquqfavoMtMwiG4P926ZKKuQ==
  dependencies:
    "@jridgewell/resolve-uri" "^3.0.3"
    "@jridgewell/sourcemap-codec" "^1.4.10"

"@poppinss/colors@^4.1.5":
  version "4.1.5"
  resolved "https://registry.yarnpkg.com/@poppinss/colors/-/colors-4.1.5.tgz#09273b845a4816f5fd9c53c78a3bc656650fe18f"
  integrity sha512-FvdDqtcRCtz6hThExcFOgW0cWX+xwSMWcRuQe5ZEb2m7cVQOAVZOIMt+/v9RxGiD9/OY16qJBXK4CVKWAPalBw==
  dependencies:
    kleur "^4.1.5"

"@poppinss/dumper@^0.6.4":
  version "0.6.4"
  resolved "https://registry.yarnpkg.com/@poppinss/dumper/-/dumper-0.6.4.tgz#b902ff0b2850f5367f947ffdb2d7154f22856d43"
  integrity sha512-iG0TIdqv8xJ3Lt9O8DrPRxw1MRLjNpoqiSGU03P/wNLP/s0ra0udPJ1J2Tx5M0J3H/cVyEgpbn8xUKRY9j59kQ==
  dependencies:
    "@poppinss/colors" "^4.1.5"
    "@sindresorhus/is" "^7.0.2"
    supports-color "^10.0.0"

"@poppinss/exception@^1.2.2":
  version "1.2.2"
  resolved "https://registry.yarnpkg.com/@poppinss/exception/-/exception-1.2.2.tgz#8d30d42e126c54fe84e997433e4dcac610090743"
  integrity sha512-m7bpKCD4QMlFCjA/nKTs23fuvoVFoA83brRKmObCUNmi/9tVu8Ve3w4YQAnJu4q3Tjf5fr685HYIC/IA2zHRSg==

"@prisma/adapter-d1@^6.13.0":
  version "6.13.0"
  resolved "https://registry.yarnpkg.com/@prisma/adapter-d1/-/adapter-d1-6.13.0.tgz#b48c03f0a97592b47c4b6368c327ab4f5943d166"
  integrity sha512-kXNYOE0P9RK6oml5LDZrTLTnk/Fmd9AZ79PdzpRyjPq6EdKoDIpu6XeG675rlDNuVcjj6OL4Vnk5r0O1tHbxKQ==
  dependencies:
    "@cloudflare/workers-types" "4.20250214.0"
    "@prisma/driver-adapter-utils" "6.13.0"
    ky "1.7.5"

"@prisma/client@^6.13.0":
  version "6.13.0"
  resolved "https://registry.yarnpkg.com/@prisma/client/-/client-6.13.0.tgz#7073ab6ccf10c0c99ab7582e39aa7a1422c6a7db"
  integrity sha512-8m2+I3dQovkV8CkDMluiwEV1TxV9EXdT6xaCz39O6jYw7mkf5gwfmi+cL4LJsEPwz5tG7sreBwkRpEMJedGYUQ==

"@prisma/config@6.13.0":
  version "6.13.0"
  resolved "https://registry.yarnpkg.com/@prisma/config/-/config-6.13.0.tgz#1cb5a84f082cb2f0c66f173e85c5eb55fbe8ac99"
  integrity sha512-OYMM+pcrvj/NqNWCGESSxVG3O7kX6oWuGyvufTUNnDw740KIQvNyA4v0eILgkpuwsKIDU36beZCkUtIt0naTog==
  dependencies:
    c12 "3.1.0"
    deepmerge-ts "7.1.5"
    effect "3.16.12"
    read-package-up "11.0.0"

"@prisma/debug@6.13.0":
  version "6.13.0"
  resolved "https://registry.yarnpkg.com/@prisma/debug/-/debug-6.13.0.tgz#3d91b8a8be60c77f790c0ccaa4ef9d8713536c06"
  integrity sha512-um+9pfKJW0ihmM83id9FXGi5qEbVJ0Vxi1Gm0xpYsjwUBnw6s2LdPBbrsG9QXRX46K4CLWCTNvskXBup4i9hlw==

"@prisma/driver-adapter-utils@6.13.0":
  version "6.13.0"
  resolved "https://registry.yarnpkg.com/@prisma/driver-adapter-utils/-/driver-adapter-utils-6.13.0.tgz#82919a93244076692899f2d0ea127b4518da7072"
  integrity sha512-72gQS/rz0KRV1bvi37OGu5PgMAzTQplFZuTo1kSb4hK7sm0PTvl7+V4NFHdwXEUecTq/+FnF9Ts9Ac+iKPnEow==
  dependencies:
    "@prisma/debug" "6.13.0"

"@prisma/engines-version@6.13.0-35.361e86d0ea4987e9f53a565309b3eed797a6bcbd":
  version "6.13.0-35.361e86d0ea4987e9f53a565309b3eed797a6bcbd"
  resolved "https://registry.yarnpkg.com/@prisma/engines-version/-/engines-version-6.13.0-35.361e86d0ea4987e9f53a565309b3eed797a6bcbd.tgz#e0cee50da9a762af524b56db3dad6dad9e814504"
  integrity sha512-MpPyKSzBX7P/ZY9odp9TSegnS/yH3CSbchQE9f0yBg3l2QyN59I6vGXcoYcqKC9VTniS1s18AMmhyr1OWavjHg==

"@prisma/engines@6.13.0":
  version "6.13.0"
  resolved "https://registry.yarnpkg.com/@prisma/engines/-/engines-6.13.0.tgz#b55a2912aab2ccc97454c11f7483711c03c7163d"
  integrity sha512-D+1B79LFvtWA0KTt8ALekQ6A/glB9w10ETknH5Y9g1k2NYYQOQy93ffiuqLn3Pl6IPJG3EsK/YMROKEaq8KBrA==
  dependencies:
    "@prisma/debug" "6.13.0"
    "@prisma/engines-version" "6.13.0-35.361e86d0ea4987e9f53a565309b3eed797a6bcbd"
    "@prisma/fetch-engine" "6.13.0"
    "@prisma/get-platform" "6.13.0"

"@prisma/fetch-engine@6.13.0":
  version "6.13.0"
  resolved "https://registry.yarnpkg.com/@prisma/fetch-engine/-/fetch-engine-6.13.0.tgz#d4a9406f75b85a1a8dea7d2fa0943055263949e2"
  integrity sha512-grmmq+4FeFKmaaytA8Ozc2+Tf3BC8xn/DVJos6LL022mfRlMZYjT3hZM0/xG7+5fO95zFG9CkDUs0m1S2rXs5Q==
  dependencies:
    "@prisma/debug" "6.13.0"
    "@prisma/engines-version" "6.13.0-35.361e86d0ea4987e9f53a565309b3eed797a6bcbd"
    "@prisma/get-platform" "6.13.0"

"@prisma/get-platform@6.13.0":
  version "6.13.0"
  resolved "https://registry.yarnpkg.com/@prisma/get-platform/-/get-platform-6.13.0.tgz#b80e1a506555f8796bd748c9bbce93c0fb32f7fd"
  integrity sha512-Nii2pX50fY4QKKxQwm7/vvqT6Ku8yYJLZAFX4e2vzHwRdMqjugcOG5hOSLjxqoXb0cvOspV70TOhMzrw8kqAnw==
  dependencies:
    "@prisma/debug" "6.13.0"

"@sindresorhus/is@^7.0.2":
  version "7.0.2"
  resolved "https://registry.yarnpkg.com/@sindresorhus/is/-/is-7.0.2.tgz#a0df078a8d29f9741503c5a9c302de474ec8564a"
  integrity sha512-d9xRovfKNz1SKieM0qJdO+PQonjnnIfSNWfHYnBSJ9hkjm0ZPw6HlxscDXYstp3z+7V2GOFHc+J0CYrYTjqCJw==

"@speed-highlight/core@^1.2.7":
  version "1.2.7"
  resolved "https://registry.yarnpkg.com/@speed-highlight/core/-/core-1.2.7.tgz#eeaa7c1e7198559abbb98e4acbc93d108d35f2d3"
  integrity sha512-0dxmVj4gxg3Jg879kvFS/msl4s9F3T9UXC1InxgOf7t5NvcPD97u/WTA5vL/IxWHMn7qSxBozqrnnE2wvl1m8g==

"@standard-schema/spec@^1.0.0":
  version "1.0.0"
  resolved "https://registry.yarnpkg.com/@standard-schema/spec/-/spec-1.0.0.tgz#f193b73dc316c4170f2e82a881da0f550d551b9c"
  integrity sha512-m2bOd0f2RT9k8QJx1JN85cZYyH1RqFBdlwtkSlf4tBDYLCiiZnv1fIIwacK6cqwXavOydf0NPToMQgpKq+dVlA==

"@types/normalize-package-data@^2.4.3":
  version "2.4.4"
  resolved "https://registry.yarnpkg.com/@types/normalize-package-data/-/normalize-package-data-2.4.4.tgz#56e2cc26c397c038fab0e3a917a12d5c5909e901"
  integrity sha512-37i+OaWTh9qeK4LSHPsyRC7NahnGotNuZvjLSgcPzblpHB3rrCJxAOgI5gCdKm7coonsaX1Of0ILiTcnZjbfxA==

acorn-walk@8.3.2:
  version "8.3.2"
  resolved "https://registry.yarnpkg.com/acorn-walk/-/acorn-walk-8.3.2.tgz#7703af9415f1b6db9315d6895503862e231d34aa"
  integrity sha512-cjkyv4OtNCIeqhHrfS81QWXoCBPExR/J62oyEqepVw8WaQeSqpW2uhuLPh1m9eWhDuOo/jUXVTlifvesOWp/4A==

acorn@8.14.0:
  version "8.14.0"
  resolved "https://registry.yarnpkg.com/acorn/-/acorn-8.14.0.tgz#063e2c70cac5fb4f6467f0b11152e04c682795b0"
  integrity sha512-cl669nCJTZBsL97OF4kUQm5g5hC2uihk0NxY3WENAC0TYdILVkAyHymAntgxGkl7K+t0cXIrH5siy5S4XkFycA==

blake3-wasm@2.1.5:
  version "2.1.5"
  resolved "https://registry.yarnpkg.com/blake3-wasm/-/blake3-wasm-2.1.5.tgz#b22dbb84bc9419ed0159caa76af4b1b132e6ba52"
  integrity sha512-F1+K8EbfOZE49dtoPtmxUQrpXaBIl3ICvasLh+nJta0xkz+9kF/7uet9fLnwKqhDrmj6g+6K3Tw9yQPUg2ka5g==

c12@3.1.0:
  version "3.1.0"
  resolved "https://registry.yarnpkg.com/c12/-/c12-3.1.0.tgz#9e237970e1d3b74ebae51d25945cb59664c12c89"
  integrity sha512-uWoS8OU1MEIsOv8p/5a82c3H31LsWVR5qiyXVfBNOzfffjUWtPnhAb4BYI2uG2HfGmZmFjCtui5XNWaps+iFuw==
  dependencies:
    chokidar "^4.0.3"
    confbox "^0.2.2"
    defu "^6.1.4"
    dotenv "^16.6.1"
    exsolve "^1.0.7"
    giget "^2.0.0"
    jiti "^2.4.2"
    ohash "^2.0.11"
    pathe "^2.0.3"
    perfect-debounce "^1.0.0"
    pkg-types "^2.2.0"
    rc9 "^2.1.2"

chokidar@^4.0.3:
  version "4.0.3"
  resolved "https://registry.yarnpkg.com/chokidar/-/chokidar-4.0.3.tgz#7be37a4c03c9aee1ecfe862a4a23b2c70c205d30"
  integrity sha512-Qgzu8kfBvo+cA4962jnP1KkS6Dop5NS6g7R5LFYJr4b8Ub94PPQXUksCw9PvXoeXPRRddRNC5C1JQUR2SMGtnA==
  dependencies:
    readdirp "^4.0.1"

citty@^0.1.6:
  version "0.1.6"
  resolved "https://registry.yarnpkg.com/citty/-/citty-0.1.6.tgz#0f7904da1ed4625e1a9ea7e0fa780981aab7c5e4"
  integrity sha512-tskPPKEs8D2KPafUypv2gxwJP8h/OaJmC82QQGGDQcHvXX43xF2VDACcJVmZ0EuSxkpO9Kc4MlrA3q0+FG58AQ==
  dependencies:
    consola "^3.2.3"

color-convert@^2.0.1:
  version "2.0.1"
  resolved "https://registry.yarnpkg.com/color-convert/-/color-convert-2.0.1.tgz#72d3a68d598c9bdb3af2ad1e84f21d896abd4de3"
  integrity sha512-RRECPsj7iu/xb5oKYcsFHSppFNnsj/52OVTRKb4zP5onXwVF3zVmmToNcOfGC+CRDpfK/U584fMg38ZHCaElKQ==
  dependencies:
    color-name "~1.1.4"

color-name@^1.0.0, color-name@~1.1.4:
  version "1.1.4"
  resolved "https://registry.yarnpkg.com/color-name/-/color-name-1.1.4.tgz#c2a09a87acbde69543de6f63fa3995c826c536a2"
  integrity sha512-dOy+3AuW3a2wNbZHIuMZpTcgjGuLU/uBL/ubcZF9OXbDo8ff4O8yVp5Bf0efS8uEoYo5q4Fx7dY9OgQGXgAsQA==

color-string@^1.9.0:
  version "1.9.1"
  resolved "https://registry.yarnpkg.com/color-string/-/color-string-1.9.1.tgz#4467f9146f036f855b764dfb5bf8582bf342c7a4"
  integrity sha512-shrVawQFojnZv6xM40anx4CkoDP+fZsw/ZerEMsW/pyzsRbElpsL/DBVW7q3ExxwusdNXI3lXpuhEZkzs8p5Eg==
  dependencies:
    color-name "^1.0.0"
    simple-swizzle "^0.2.2"

color@^4.2.3:
  version "4.2.3"
  resolved "https://registry.yarnpkg.com/color/-/color-4.2.3.tgz#d781ecb5e57224ee43ea9627560107c0e0c6463a"
  integrity sha512-1rXeuUUiGGrykh+CeBdu5Ie7OJwinCgQY0bc7GCRxy5xVHy+moaqkpL/jqQq0MtQOeYcrqEz4abc5f0KtU7W4A==
  dependencies:
    color-convert "^2.0.1"
    color-string "^1.9.0"

confbox@^0.2.2:
  version "0.2.2"
  resolved "https://registry.yarnpkg.com/confbox/-/confbox-0.2.2.tgz#8652f53961c74d9e081784beed78555974a9c110"
  integrity sha512-1NB+BKqhtNipMsov4xI/NnhCKp9XG9NamYp5PVm9klAT0fsrNPjaFICsCFhNhwZJKNh7zB/3q8qXz0E9oaMNtQ==

consola@^3.2.3, consola@^3.4.0, consola@^3.4.2:
  version "3.4.2"
  resolved "https://registry.yarnpkg.com/consola/-/consola-3.4.2.tgz#5af110145397bb67afdab77013fdc34cae590ea7"
  integrity sha512-5IKcdX0nnYavi6G7TtOhwkYzyjfJlatbjMjuLSfE2kYT5pMDOilZ4OvMhi637CcDICTmz3wARPoyhqyX1Y+XvA==

cookie@^1.0.2:
  version "1.0.2"
  resolved "https://registry.yarnpkg.com/cookie/-/cookie-1.0.2.tgz#27360701532116bd3f1f9416929d176afe1e4610"
  integrity sha512-9Kr/j4O16ISv8zBBhJoi4bXOYNTkFLOqSL3UDB0njXxCXNezjeyVrJyGOWtgfs/q2km1gwBcfH8q1yEGoMYunA==

deepmerge-ts@7.1.5:
  version "7.1.5"
  resolved "https://registry.yarnpkg.com/deepmerge-ts/-/deepmerge-ts-7.1.5.tgz#ff818564007f5c150808d2b7b732cac83aa415ab"
  integrity sha512-HOJkrhaYsweh+W+e74Yn7YStZOilkoPb6fycpwNLKzSPtruFs48nYis0zy5yJz1+ktUhHxoRDJ27RQAWLIJVJw==

defu@^6.1.4:
  version "6.1.4"
  resolved "https://registry.yarnpkg.com/defu/-/defu-6.1.4.tgz#4e0c9cf9ff68fe5f3d7f2765cc1a012dfdcb0479"
  integrity sha512-mEQCMmwJu317oSz8CwdIOdwf3xMif1ttiM8LTufzc3g6kR+9Pe236twL8j3IYT1F7GfRgGcW6MWxzZjLIkuHIg==

destr@^2.0.3:
  version "2.0.5"
  resolved "https://registry.yarnpkg.com/destr/-/destr-2.0.5.tgz#7d112ff1b925fb8d2079fac5bdb4a90973b51fdb"
  integrity sha512-ugFTXCtDZunbzasqBxrK93Ik/DRYsO6S/fedkWEMKqt04xZ4csmnmwGDBAb07QWNaGMAmnTIemsYZCksjATwsA==

detect-libc@^2.0.3:
  version "2.0.4"
  resolved "https://registry.yarnpkg.com/detect-libc/-/detect-libc-2.0.4.tgz#f04715b8ba815e53b4d8109655b6508a6865a7e8"
  integrity sha512-3UDv+G9CsCKO1WKMGw9fwq/SWJYbI0c5Y7LU1AXYoDdbhE2AHQ6N6Nb34sG8Fj7T5APy8qXDCKuuIHd1BR0tVA==

dotenv@^16.6.1:
  version "16.6.1"
  resolved "https://registry.yarnpkg.com/dotenv/-/dotenv-16.6.1.tgz#773f0e69527a8315c7285d5ee73c4459d20a8020"
  integrity sha512-uBq4egWHTcTt33a72vpSG0z3HnPuIl6NqYcTrKEg2azoEyl2hpW0zqlxysq2pK9HlDIHyHyakeYaYnSAwd8bow==

effect@3.16.12:
  version "3.16.12"
  resolved "https://registry.yarnpkg.com/effect/-/effect-3.16.12.tgz#3762f745846cfa4905512e397e17f683438addbe"
  integrity sha512-N39iBk0K71F9nb442TLbTkjl24FLUzuvx2i1I2RsEAQsdAdUTuUoW0vlfUXgkMTUOnYqKnWcFfqw4hK4Pw27hg==
  dependencies:
    "@standard-schema/spec" "^1.0.0"
    fast-check "^3.23.1"

error-stack-parser-es@^1.0.5:
  version "1.0.5"
  resolved "https://registry.yarnpkg.com/error-stack-parser-es/-/error-stack-parser-es-1.0.5.tgz#e6a1655dd12f39bb3a85bf4c7088187d78740327"
  integrity sha512-5qucVt2XcuGMcEGgWI7i+yZpmpByQ8J1lHhcL7PwqCwu9FPP3VUXzT4ltHe5i2z9dePwEHcDVOAfSnHsOlCXRA==

esbuild@0.25.4:
  version "0.25.4"
  resolved "https://registry.yarnpkg.com/esbuild/-/esbuild-0.25.4.tgz#bb9a16334d4ef2c33c7301a924b8b863351a0854"
  integrity sha512-8pgjLUcUjcgDg+2Q4NYXnPbo/vncAY4UmyaCm0jZevERqCHZIaWwdJHkf8XQtu4AxSKCdvrUbT0XUr1IdZzI8Q==
  optionalDependencies:
    "@esbuild/aix-ppc64" "0.25.4"
    "@esbuild/android-arm" "0.25.4"
    "@esbuild/android-arm64" "0.25.4"
    "@esbuild/android-x64" "0.25.4"
    "@esbuild/darwin-arm64" "0.25.4"
    "@esbuild/darwin-x64" "0.25.4"
    "@esbuild/freebsd-arm64" "0.25.4"
    "@esbuild/freebsd-x64" "0.25.4"
    "@esbuild/linux-arm" "0.25.4"
    "@esbuild/linux-arm64" "0.25.4"
    "@esbuild/linux-ia32" "0.25.4"
    "@esbuild/linux-loong64" "0.25.4"
    "@esbuild/linux-mips64el" "0.25.4"
    "@esbuild/linux-ppc64" "0.25.4"
    "@esbuild/linux-riscv64" "0.25.4"
    "@esbuild/linux-s390x" "0.25.4"
    "@esbuild/linux-x64" "0.25.4"
    "@esbuild/netbsd-arm64" "0.25.4"
    "@esbuild/netbsd-x64" "0.25.4"
    "@esbuild/openbsd-arm64" "0.25.4"
    "@esbuild/openbsd-x64" "0.25.4"
    "@esbuild/sunos-x64" "0.25.4"
    "@esbuild/win32-arm64" "0.25.4"
    "@esbuild/win32-ia32" "0.25.4"
    "@esbuild/win32-x64" "0.25.4"

exit-hook@2.2.1:
  version "2.2.1"
  resolved "https://registry.yarnpkg.com/exit-hook/-/exit-hook-2.2.1.tgz#007b2d92c6428eda2b76e7016a34351586934593"
  integrity sha512-eNTPlAD67BmP31LDINZ3U7HSF8l57TxOY2PmBJ1shpCvpnxBF93mWCE8YHBnXs8qiUZJc9WDcWIeC3a2HIAMfw==

exsolve@^1.0.7:
  version "1.0.7"
  resolved "https://registry.yarnpkg.com/exsolve/-/exsolve-1.0.7.tgz#3b74e4c7ca5c5f9a19c3626ca857309fa99f9e9e"
  integrity sha512-VO5fQUzZtI6C+vx4w/4BWJpg3s/5l+6pRQEHzFRM8WFi4XffSP1Z+4qi7GbjWbvRQEbdIco5mIMq+zX4rPuLrw==

fast-check@^3.23.1:
  version "3.23.2"
  resolved "https://registry.yarnpkg.com/fast-check/-/fast-check-3.23.2.tgz#0129f1eb7e4f500f58e8290edc83c670e4a574a2"
  integrity sha512-h5+1OzzfCC3Ef7VbtKdcv7zsstUQwUDlYpUTvjeUsJAssPgLn7QzbboPtL5ro04Mq0rPOsMzl7q5hIbRs2wD1A==
  dependencies:
    pure-rand "^6.1.0"

find-up-simple@^1.0.0:
  version "1.0.1"
  resolved "https://registry.yarnpkg.com/find-up-simple/-/find-up-simple-1.0.1.tgz#18fb90ad49e45252c4d7fca56baade04fa3fca1e"
  integrity sha512-afd4O7zpqHeRyg4PfDQsXmlDe2PfdHtJt6Akt8jOWaApLOZk5JXs6VMR29lz03pRe9mpykrRCYIYxaJYcfpncQ==

fsevents@~2.3.2:
  version "2.3.3"
  resolved "https://registry.yarnpkg.com/fsevents/-/fsevents-2.3.3.tgz#cac6407785d03675a2a5e1a5305c697b347d90d6"
  integrity sha512-5xoDfX+fL7faATnagmWPpbFtwh/R77WmMMqqHGS65C3vvB0YHrgF+B1YmZ3441tMj5n63k0212XNoJwzlhffQw==

giget@^2.0.0:
  version "2.0.0"
  resolved "https://registry.yarnpkg.com/giget/-/giget-2.0.0.tgz#395fc934a43f9a7a29a29d55b99f23e30c14f195"
  integrity sha512-L5bGsVkxJbJgdnwyuheIunkGatUF/zssUoxxjACCseZYAVbaqdh9Tsmmlkl8vYan09H7sbvKt4pS8GqKLBrEzA==
  dependencies:
    citty "^0.1.6"
    consola "^3.4.0"
    defu "^6.1.4"
    node-fetch-native "^1.6.6"
    nypm "^0.6.0"
    pathe "^2.0.3"

glob-to-regexp@0.4.1:
  version "0.4.1"
  resolved "https://registry.yarnpkg.com/glob-to-regexp/-/glob-to-regexp-0.4.1.tgz#c75297087c851b9a578bd217dd59a92f59fe546e"
  integrity sha512-lkX1HJXwyMcprw/5YUZc2s7DrpAiHB21/V+E1rHUrVNokkvB6bqMzT0VfV6/86ZNabt1k14YOIaT7nDvOX3Iiw==

hono@^4.9.0:
  version "4.9.0"
  resolved "https://registry.yarnpkg.com/hono/-/hono-4.9.0.tgz#dee39d4a1859ef00dfec6e8b9bd4b0ef2e134870"
  integrity sha512-JAUc4Sqi3lhby2imRL/67LMcJFKiCu7ZKghM7iwvltVZzxEC5bVJCsAa4NTnSfmWGb+N2eOVtFE586R+K3fejA==

hosted-git-info@^7.0.0:
  version "7.0.2"
  resolved "https://registry.yarnpkg.com/hosted-git-info/-/hosted-git-info-7.0.2.tgz#9b751acac097757667f30114607ef7b661ff4f17"
  integrity sha512-puUZAUKT5m8Zzvs72XWy3HtvVbTWljRE66cP60bxJzAqf2DgICo7lYTY2IHUmLnNpjYvw5bvmoHvPc0QO2a62w==
  dependencies:
    lru-cache "^10.0.1"

index-to-position@^1.1.0:
  version "1.1.0"
  resolved "https://registry.yarnpkg.com/index-to-position/-/index-to-position-1.1.0.tgz#2e50bd54c8040bdd6d9b3d95ec2a8fedf86b4d44"
  integrity sha512-XPdx9Dq4t9Qk1mTMbWONJqU7boCoumEH7fRET37HX5+khDUl3J2W6PdALxhILYlIYx2amlwYcRPp28p0tSiojg==

is-arrayish@^0.3.1:
  version "0.3.2"
  resolved "https://registry.yarnpkg.com/is-arrayish/-/is-arrayish-0.3.2.tgz#4574a2ae56f7ab206896fb431eaeed066fdf8f03"
  integrity sha512-eVRqCvVlZbuw3GrM63ovNSNAeA1K16kaR/LRY/92w0zxQ5/1YzwblUX652i4Xs9RwAGjW9d9y6X88t8OaAJfWQ==

jiti@^2.4.2:
  version "2.5.1"
  resolved "https://registry.yarnpkg.com/jiti/-/jiti-2.5.1.tgz#bd099c1c2be1c59bbea4e5adcd127363446759d0"
  integrity sha512-twQoecYPiVA5K/h6SxtORw/Bs3ar+mLUtoPSc7iMXzQzK8d7eJ/R09wmTwAjiamETn1cXYPGfNnu7DMoHgu12w==

js-tokens@^4.0.0:
  version "4.0.0"
  resolved "https://registry.yarnpkg.com/js-tokens/-/js-tokens-4.0.0.tgz#19203fb59991df98e3a287050d4647cdeaf32499"
  integrity sha512-RdJUflcE3cUzKiMqQgsCu06FPu9UdIJO0beYbPhHN4k6apgJtifcoCtT9bcxOpYBtpD2kCM6Sbzg4CausW/PKQ==

kleur@^4.1.5:
  version "4.1.5"
  resolved "https://registry.yarnpkg.com/kleur/-/kleur-4.1.5.tgz#95106101795f7050c6c650f350c683febddb1780"
  integrity sha512-o+NO+8WrRiQEE4/7nwRJhN1HWpVmJm511pBHUxPLtp0BUISzlBplORYSmTclCnJvQq2tKu/sgl3xVpkc7ZWuQQ==

ky@1.7.5:
  version "1.7.5"
  resolved "https://registry.yarnpkg.com/ky/-/ky-1.7.5.tgz#69c9b70ff818fd6108fc04a89c1454412c11dfce"
  integrity sha512-HzhziW6sc5m0pwi5M196+7cEBtbt0lCYi67wNsiwMUmz833wloE0gbzJPWKs1gliFKQb34huItDQX97LyOdPdA==

lru-cache@^10.0.1:
  version "10.4.3"
  resolved "https://registry.yarnpkg.com/lru-cache/-/lru-cache-10.4.3.tgz#410fc8a17b70e598013df257c2446b7f3383f119"
  integrity sha512-JNAzZcXrCt42VGLuYz0zfAzDfAvJWW6AfYlDBQyDV5DClI2m5sAmK+OIO7s59XfsRsWHp02jAJrRadPRGTt6SQ==

mime@^3.0.0:
  version "3.0.0"
  resolved "https://registry.yarnpkg.com/mime/-/mime-3.0.0.tgz#b374550dca3a0c18443b0c950a6a58f1931cf7a7"
  integrity sha512-jSCU7/VB1loIWBZe14aEYHU/+1UMEHoaO7qxCOVJOw9GgH72VAWppxNcjU+x9a2k3GSIBXNKxXQFqRvvZ7vr3A==

miniflare@4.20250803.0:
  version "4.20250803.0"
  resolved "https://registry.yarnpkg.com/miniflare/-/miniflare-4.20250803.0.tgz#32c618b9c245d1d38ce8ef7da6a748758b2f59e0"
  integrity sha512-1tmCLfmMw0SqRBF9PPII9CVLQRzOrO7uIBmSng8BMSmtgs2kos7OeoM0sg6KbR9FrvP/zAniLyZuCAMAjuu4fQ==
  dependencies:
    "@cspotcode/source-map-support" "0.8.1"
    acorn "8.14.0"
    acorn-walk "8.3.2"
    exit-hook "2.2.1"
    glob-to-regexp "0.4.1"
    sharp "^0.33.5"
    stoppable "1.1.0"
    undici "^7.10.0"
    workerd "1.20250803.0"
    ws "8.18.0"
    youch "4.1.0-beta.10"
    zod "3.22.3"

node-fetch-native@^1.6.6:
  version "1.6.7"
  resolved "https://registry.yarnpkg.com/node-fetch-native/-/node-fetch-native-1.6.7.tgz#9d09ca63066cc48423211ed4caf5d70075d76a71"
  integrity sha512-g9yhqoedzIUm0nTnTqAQvueMPVOuIY16bqgAJJC8XOOubYFNwz6IER9qs0Gq2Xd0+CecCKFjtdDTMA4u4xG06Q==

normalize-package-data@^6.0.0:
  version "6.0.2"
  resolved "https://registry.yarnpkg.com/normalize-package-data/-/normalize-package-data-6.0.2.tgz#a7bc22167fe24025412bcff0a9651eb768b03506"
  integrity sha512-V6gygoYb/5EmNI+MEGrWkC+e6+Rr7mTmfHrxDbLzxQogBkgzo76rkok0Am6thgSF7Mv2nLOajAJj5vDJZEFn7g==
  dependencies:
    hosted-git-info "^7.0.0"
    semver "^7.3.5"
    validate-npm-package-license "^3.0.4"

nypm@^0.6.0:
  version "0.6.1"
  resolved "https://registry.yarnpkg.com/nypm/-/nypm-0.6.1.tgz#4905b419641073de25ef0f19fb47c5658ada0c35"
  integrity sha512-hlacBiRiv1k9hZFiphPUkfSQ/ZfQzZDzC+8z0wL3lvDAOUu/2NnChkKuMoMjNur/9OpKuz2QsIeiPVN0xM5Q0w==
  dependencies:
    citty "^0.1.6"
    consola "^3.4.2"
    pathe "^2.0.3"
    pkg-types "^2.2.0"
    tinyexec "^1.0.1"

ohash@^2.0.11:
  version "2.0.11"
  resolved "https://registry.yarnpkg.com/ohash/-/ohash-2.0.11.tgz#60b11e8cff62ca9dee88d13747a5baa145f5900b"
  integrity sha512-RdR9FQrFwNBNXAr4GixM8YaRZRJ5PUWbKYbE5eOsrwAjJW0q2REGcf79oYPsLyskQCZG1PLN+S/K1V00joZAoQ==

parse-json@^8.0.0:
  version "8.3.0"
  resolved "https://registry.yarnpkg.com/parse-json/-/parse-json-8.3.0.tgz#88a195a2157025139a2317a4f2f9252b61304ed5"
  integrity sha512-ybiGyvspI+fAoRQbIPRddCcSTV9/LsJbf0e/S85VLowVGzRmokfneg2kwVW/KU5rOXrPSbF1qAKPMgNTqqROQQ==
  dependencies:
    "@babel/code-frame" "^7.26.2"
    index-to-position "^1.1.0"
    type-fest "^4.39.1"

path-to-regexp@6.3.0:
  version "6.3.0"
  resolved "https://registry.yarnpkg.com/path-to-regexp/-/path-to-regexp-6.3.0.tgz#2b6a26a337737a8e1416f9272ed0766b1c0389f4"
  integrity sha512-Yhpw4T9C6hPpgPeA28us07OJeqZ5EzQTkbfwuhsUg0c237RomFoETJgmp2sa3F/41gfLE6G5cqcYwznmeEeOlQ==

pathe@^2.0.3:
  version "2.0.3"
  resolved "https://registry.yarnpkg.com/pathe/-/pathe-2.0.3.tgz#3ecbec55421685b70a9da872b2cff3e1cbed1716"
  integrity sha512-WUjGcAqP1gQacoQe+OBJsFA7Ld4DyXuUIjZ5cc75cLHvJ7dtNsTugphxIADwspS+AraAUePCKrSVtPLFj/F88w==

perfect-debounce@^1.0.0:
  version "1.0.0"
  resolved "https://registry.yarnpkg.com/perfect-debounce/-/perfect-debounce-1.0.0.tgz#9c2e8bc30b169cc984a58b7d5b28049839591d2a"
  integrity sha512-xCy9V055GLEqoFaHoC1SoLIaLmWctgCUaBaWxDZ7/Zx4CTyX7cJQLJOok/orfjZAh9kEYpjJa4d0KcJmCbctZA==

picocolors@^1.1.1:
  version "1.1.1"
  resolved "https://registry.yarnpkg.com/picocolors/-/picocolors-1.1.1.tgz#3d321af3eab939b083c8f929a1d12cda81c26b6b"
  integrity sha512-xceH2snhtb5M9liqDsmEw56le376mTZkEX/jEb/RxNFyegNul7eNslCXP9FDj/Lcu0X8KEyMceP2ntpaHrDEVA==

pkg-types@^2.2.0:
  version "2.2.0"
  resolved "https://registry.yarnpkg.com/pkg-types/-/pkg-types-2.2.0.tgz#049bf404f82a66c465200149457acf0c5fb0fb2d"
  integrity sha512-2SM/GZGAEkPp3KWORxQZns4M+WSeXbC2HEvmOIJe3Cmiv6ieAJvdVhDldtHqM5J1Y7MrR1XhkBT/rMlhh9FdqQ==
  dependencies:
    confbox "^0.2.2"
    exsolve "^1.0.7"
    pathe "^2.0.3"

prisma@^6.13.0:
  version "6.13.0"
  resolved "https://registry.yarnpkg.com/prisma/-/prisma-6.13.0.tgz#a1b88c9b9a11e8ffcba12870b9abac04b7d10ae8"
  integrity sha512-dfzORf0AbcEyyzxuv2lEwG8g+WRGF/qDQTpHf/6JoHsyF5MyzCEZwClVaEmw3WXcobgadosOboKUgQU0kFs9kw==
  dependencies:
    "@prisma/config" "6.13.0"
    "@prisma/engines" "6.13.0"

pure-rand@^6.1.0:
  version "6.1.0"
  resolved "https://registry.yarnpkg.com/pure-rand/-/pure-rand-6.1.0.tgz#d173cf23258231976ccbdb05247c9787957604f2"
  integrity sha512-bVWawvoZoBYpp6yIoQtQXHZjmz35RSVHnUOTefl8Vcjr8snTPY1wnpSPMWekcFwbxI6gtmT7rSYPFvz71ldiOA==

rc9@^2.1.2:
  version "2.1.2"
  resolved "https://registry.yarnpkg.com/rc9/-/rc9-2.1.2.tgz#6282ff638a50caa0a91a31d76af4a0b9cbd1080d"
  integrity sha512-btXCnMmRIBINM2LDZoEmOogIZU7Qe7zn4BpomSKZ/ykbLObuBdvG+mFq11DL6fjH1DRwHhrlgtYWG96bJiC7Cg==
  dependencies:
    defu "^6.1.4"
    destr "^2.0.3"

read-package-up@11.0.0:
  version "11.0.0"
  resolved "https://registry.yarnpkg.com/read-package-up/-/read-package-up-11.0.0.tgz#71fb879fdaac0e16891e6e666df22de24a48d5ba"
  integrity sha512-MbgfoNPANMdb4oRBNg5eqLbB2t2r+o5Ua1pNt8BqGp4I0FJZhuVSOj3PaBPni4azWuSzEdNn2evevzVmEk1ohQ==
  dependencies:
    find-up-simple "^1.0.0"
    read-pkg "^9.0.0"
    type-fest "^4.6.0"

read-pkg@^9.0.0:
  version "9.0.1"
  resolved "https://registry.yarnpkg.com/read-pkg/-/read-pkg-9.0.1.tgz#b1b81fb15104f5dbb121b6bbdee9bbc9739f569b"
  integrity sha512-9viLL4/n1BJUCT1NXVTdS1jtm80yDEgR5T4yCelII49Mbj0v1rZdKqj7zCiYdbB0CuCgdrvHcNogAKTFPBocFA==
  dependencies:
    "@types/normalize-package-data" "^2.4.3"
    normalize-package-data "^6.0.0"
    parse-json "^8.0.0"
    type-fest "^4.6.0"
    unicorn-magic "^0.1.0"

readdirp@^4.0.1:
  version "4.1.2"
  resolved "https://registry.yarnpkg.com/readdirp/-/readdirp-4.1.2.tgz#eb85801435fbf2a7ee58f19e0921b068fc69948d"
  integrity sha512-GDhwkLfywWL2s6vEjyhri+eXmfH6j1L7JE27WhqLeYzoh/A3DBaYGEj2H/HFZCn/kMfim73FXxEJTw06WtxQwg==

semver@^7.3.5, semver@^7.6.3:
  version "7.7.2"
  resolved "https://registry.yarnpkg.com/semver/-/semver-7.7.2.tgz#67d99fdcd35cec21e6f8b87a7fd515a33f982b58"
  integrity sha512-RF0Fw+rO5AMf9MAyaRXI4AV0Ulj5lMHqVxxdSgiVbixSCXoEmmX/jk0CuJw4+3SqroYO9VoUh+HcuJivvtJemA==

sharp@^0.33.5:
  version "0.33.5"
  resolved "https://registry.yarnpkg.com/sharp/-/sharp-0.33.5.tgz#13e0e4130cc309d6a9497596715240b2ec0c594e"
  integrity sha512-haPVm1EkS9pgvHrQ/F3Xy+hgcuMV0Wm9vfIBSiwZ05k+xgb0PkBQpGsAA/oWdDobNaZTH5ppvHtzCFbnSEwHVw==
  dependencies:
    color "^4.2.3"
    detect-libc "^2.0.3"
    semver "^7.6.3"
  optionalDependencies:
    "@img/sharp-darwin-arm64" "0.33.5"
    "@img/sharp-darwin-x64" "0.33.5"
    "@img/sharp-libvips-darwin-arm64" "1.0.4"
    "@img/sharp-libvips-darwin-x64" "1.0.4"
    "@img/sharp-libvips-linux-arm" "1.0.5"
    "@img/sharp-libvips-linux-arm64" "1.0.4"
    "@img/sharp-libvips-linux-s390x" "1.0.4"
    "@img/sharp-libvips-linux-x64" "1.0.4"
    "@img/sharp-libvips-linuxmusl-arm64" "1.0.4"
    "@img/sharp-libvips-linuxmusl-x64" "1.0.4"
    "@img/sharp-linux-arm" "0.33.5"
    "@img/sharp-linux-arm64" "0.33.5"
    "@img/sharp-linux-s390x" "0.33.5"
    "@img/sharp-linux-x64" "0.33.5"
    "@img/sharp-linuxmusl-arm64" "0.33.5"
    "@img/sharp-linuxmusl-x64" "0.33.5"
    "@img/sharp-wasm32" "0.33.5"
    "@img/sharp-win32-ia32" "0.33.5"
    "@img/sharp-win32-x64" "0.33.5"

simple-swizzle@^0.2.2:
  version "0.2.2"
  resolved "https://registry.yarnpkg.com/simple-swizzle/-/simple-swizzle-0.2.2.tgz#a4da6b635ffcccca33f70d17cb92592de95e557a"
  integrity sha512-JA//kQgZtbuY83m+xT+tXJkmJncGMTFT+C+g2h2R9uxkYIrE2yy9sgmcLhCnw57/WSD+Eh3J97FPEDFnbXnDUg==
  dependencies:
    is-arrayish "^0.3.1"

spdx-correct@^3.0.0:
  version "3.2.0"
  resolved "https://registry.yarnpkg.com/spdx-correct/-/spdx-correct-3.2.0.tgz#4f5ab0668f0059e34f9c00dce331784a12de4e9c"
  integrity sha512-kN9dJbvnySHULIluDHy32WHRUu3Og7B9sbY7tsFLctQkIqnMh3hErYgdMjTYuqmcXX+lK5T1lnUt3G7zNswmZA==
  dependencies:
    spdx-expression-parse "^3.0.0"
    spdx-license-ids "^3.0.0"

spdx-exceptions@^2.1.0:
  version "2.5.0"
  resolved "https://registry.yarnpkg.com/spdx-exceptions/-/spdx-exceptions-2.5.0.tgz#5d607d27fc806f66d7b64a766650fa890f04ed66"
  integrity sha512-PiU42r+xO4UbUS1buo3LPJkjlO7430Xn5SVAhdpzzsPHsjbYVflnnFdATgabnLude+Cqu25p6N+g2lw/PFsa4w==

spdx-expression-parse@^3.0.0:
  version "3.0.1"
  resolved "https://registry.yarnpkg.com/spdx-expression-parse/-/spdx-expression-parse-3.0.1.tgz#cf70f50482eefdc98e3ce0a6833e4a53ceeba679"
  integrity sha512-cbqHunsQWnJNE6KhVSMsMeH5H/L9EpymbzqTQ3uLwNCLZ1Q481oWaofqH7nO6V07xlXwY6PhQdQ2IedWx/ZK4Q==
  dependencies:
    spdx-exceptions "^2.1.0"
    spdx-license-ids "^3.0.0"

spdx-license-ids@^3.0.0:
  version "3.0.22"
  resolved "https://registry.yarnpkg.com/spdx-license-ids/-/spdx-license-ids-3.0.22.tgz#abf5a08a6f5d7279559b669f47f0a43e8f3464ef"
  integrity sha512-4PRT4nh1EImPbt2jASOKHX7PB7I+e4IWNLvkKFDxNhJlfjbYlleYQh285Z/3mPTHSAK/AvdMmw5BNNuYH8ShgQ==

stoppable@1.1.0:
  version "1.1.0"
  resolved "https://registry.yarnpkg.com/stoppable/-/stoppable-1.1.0.tgz#32da568e83ea488b08e4d7ea2c3bcc9d75015d5b"
  integrity sha512-KXDYZ9dszj6bzvnEMRYvxgeTHU74QBFL54XKtP3nyMuJ81CFYtABZ3bAzL2EdFUaEwJOBOgENyFj3R7oTzDyyw==

supports-color@^10.0.0:
  version "10.1.0"
  resolved "https://registry.yarnpkg.com/supports-color/-/supports-color-10.1.0.tgz#78416c8bf60b8d34e0ac73046d991374cce1425f"
  integrity sha512-GBuewsPrhJPftT+fqDa9oI/zc5HNsG9nREqwzoSFDOIqf0NggOZbHQj2TE1P1CDJK8ZogFnlZY9hWoUiur7I/A==

tinyexec@^1.0.1:
  version "1.0.1"
  resolved "https://registry.yarnpkg.com/tinyexec/-/tinyexec-1.0.1.tgz#70c31ab7abbb4aea0a24f55d120e5990bfa1e0b1"
  integrity sha512-5uC6DDlmeqiOwCPmK9jMSdOuZTh8bU39Ys6yidB+UTt5hfZUPGAypSgFRiEp+jbi9qH40BLDvy85jIU88wKSqw==

tslib@^2.4.0:
  version "2.8.1"
  resolved "https://registry.yarnpkg.com/tslib/-/tslib-2.8.1.tgz#612efe4ed235d567e8aba5f2a5fab70280ade83f"
  integrity sha512-oJFu94HQb+KVduSUQL7wnpmqnfmLsOA/nAh6b6EH0wCEoK0/mPeXU6c3wKDV83MkOuHPRHtSXKKU99IBazS/2w==

type-fest@^4.39.1, type-fest@^4.6.0:
  version "4.41.0"
  resolved "https://registry.yarnpkg.com/type-fest/-/type-fest-4.41.0.tgz#6ae1c8e5731273c2bf1f58ad39cbae2c91a46c58"
  integrity sha512-TeTSQ6H5YHvpqVwBRcnLDCBnDOHWYu7IvGbHT6N8AOymcr9PJGjc1GTtiWZTYg0NCgYwvnYWEkVChQAr9bjfwA==

ufo@^1.6.1:
  version "1.6.1"
  resolved "https://registry.yarnpkg.com/ufo/-/ufo-1.6.1.tgz#ac2db1d54614d1b22c1d603e3aef44a85d8f146b"
  integrity sha512-9a4/uxlTWJ4+a5i0ooc1rU7C7YOw3wT+UGqdeNNHWnOF9qcMBgLRS+4IYUqbczewFx4mLEig6gawh7X6mFlEkA==

undici@^7.10.0:
  version "7.13.0"
  resolved "https://registry.yarnpkg.com/undici/-/undici-7.13.0.tgz#9331f99fc42970dcbdf54199e6604755ba54433a"
  integrity sha512-l+zSMssRqrzDcb3fjMkjjLGmuiiK2pMIcV++mJaAc9vhjSGpvM7h43QgP+OAMb1GImHmbPyG2tBXeuyG5iY4gA==

unenv@2.0.0-rc.19:
  version "2.0.0-rc.19"
  resolved "https://registry.yarnpkg.com/unenv/-/unenv-2.0.0-rc.19.tgz#b156b05578aea6f308404aa667189e06e7848eb2"
  integrity sha512-t/OMHBNAkknVCI7bVB9OWjUUAwhVv9vsPIAGnNUxnu3FxPQN11rjh0sksLMzc3g7IlTgvHmOTl4JM7JHpcv5wA==
  dependencies:
    defu "^6.1.4"
    exsolve "^1.0.7"
    ohash "^2.0.11"
    pathe "^2.0.3"
    ufo "^1.6.1"

unicorn-magic@^0.1.0:
  version "0.1.0"
  resolved "https://registry.yarnpkg.com/unicorn-magic/-/unicorn-magic-0.1.0.tgz#1bb9a51c823aaf9d73a8bfcd3d1a23dde94b0ce4"
  integrity sha512-lRfVq8fE8gz6QMBuDM6a+LO3IAzTi05H6gCVaUpir2E1Rwpo4ZUog45KpNXKC/Mn3Yb9UDuHumeFTo9iV/D9FQ==

validate-npm-package-license@^3.0.4:
  version "3.0.4"
  resolved "https://registry.yarnpkg.com/validate-npm-package-license/-/validate-npm-package-license-3.0.4.tgz#fc91f6b9c7ba15c857f4cb2c5defeec39d4f410a"
  integrity sha512-DpKm2Ui/xN7/HQKCtpZxoRWBhZ9Z0kqtygG8XCgNQ8ZlDnxuQmWhj566j8fN4Cu3/JmbhsDo7fcAJq4s9h27Ew==
  dependencies:
    spdx-correct "^3.0.0"
    spdx-expression-parse "^3.0.0"

workerd@1.20250803.0:
  version "1.20250803.0"
  resolved "https://registry.yarnpkg.com/workerd/-/workerd-1.20250803.0.tgz#bc831cb8239adfb627b3f374154f6d2919e55553"
  integrity sha512-oYH29mE/wNolPc32NHHQbySaNorj6+KASUtOvQHySxB5mO1NWdGuNv49woxNCF5971UYceGQndY+OLT+24C3wQ==
  optionalDependencies:
    "@cloudflare/workerd-darwin-64" "1.20250803.0"
    "@cloudflare/workerd-darwin-arm64" "1.20250803.0"
    "@cloudflare/workerd-linux-64" "1.20250803.0"
    "@cloudflare/workerd-linux-arm64" "1.20250803.0"
    "@cloudflare/workerd-windows-64" "1.20250803.0"

wrangler@^4.4.0:
  version "4.28.1"
  resolved "https://registry.yarnpkg.com/wrangler/-/wrangler-4.28.1.tgz#7b59516ee8d2807e5201a3e3b5cb3fecb58fe1d9"
  integrity sha512-B1w6XS3o1q1Icyx1CyirY5GNyYhucd63Jqml/EYSbB5dgv0VT8ir7L8IkCdbICEa4yYTETIgvTTZqffM6tBulA==
  dependencies:
    "@cloudflare/kv-asset-handler" "0.4.0"
    "@cloudflare/unenv-preset" "2.6.0"
    blake3-wasm "2.1.5"
    esbuild "0.25.4"
    miniflare "4.20250803.0"
    path-to-regexp "6.3.0"
    unenv "2.0.0-rc.19"
    workerd "1.20250803.0"
  optionalDependencies:
    fsevents "~2.3.2"

ws@8.18.0:
  version "8.18.0"
  resolved "https://registry.yarnpkg.com/ws/-/ws-8.18.0.tgz#0d7505a6eafe2b0e712d232b42279f53bc289bbc"
  integrity sha512-8VbfWfHLbbwu3+N6OKsOMpBdT4kXPDDB9cJk2bJ6mh9ucxdlnNvH1e+roYkKmN9Nxw2yjz7VzeO9oOz2zJ04Pw==

youch-core@^0.3.3:
  version "0.3.3"
  resolved "https://registry.yarnpkg.com/youch-core/-/youch-core-0.3.3.tgz#c5d3d85aeea0d8bc7b36e9764ed3f14b7ceddc7d"
  integrity sha512-ho7XuGjLaJ2hWHoK8yFnsUGy2Y5uDpqSTq1FkHLK4/oqKtyUU1AFbOOxY4IpC9f0fTLjwYbslUz0Po5BpD1wrA==
  dependencies:
    "@poppinss/exception" "^1.2.2"
    error-stack-parser-es "^1.0.5"

youch@4.1.0-beta.10:
  version "4.1.0-beta.10"
  resolved "https://registry.yarnpkg.com/youch/-/youch-4.1.0-beta.10.tgz#94702059e0ba7668025f5cd1b5e5c0f3eb0e83c2"
  integrity sha512-rLfVLB4FgQneDr0dv1oddCVZmKjcJ6yX6mS4pU82Mq/Dt9a3cLZQ62pDBL4AUO+uVrCvtWz3ZFUL2HFAFJ/BXQ==
  dependencies:
    "@poppinss/colors" "^4.1.5"
    "@poppinss/dumper" "^0.6.4"
    "@speed-highlight/core" "^1.2.7"
    cookie "^1.0.2"
    youch-core "^0.3.3"

zod@3.22.3:
  version "3.22.3"
  resolved "https://registry.yarnpkg.com/zod/-/zod-3.22.3.tgz#2fbc96118b174290d94e8896371c95629e87a060"
  integrity sha512-EjIevzuJRiRPbVH4mGc8nApb/lVLKVpmUhAaR5R5doKGfAnGJ6Gr3CViAVjP+4FWSxCsybeWQdcgCtbX+7oZug==
